
Microsoft Visual Studio Solution File, Format Version 12.00
# Visual Studio Version 16
VisualStudioVersion = 16.0.29318.209
MinimumVisualStudioVersion = 10.0.40219.1
Project("{FAE04EC0-301F-11D3-BF4B-00C04F79EFBC}") = "SampleApp", "SampleApp.csproj", "{A0BFEC69-C6FC-486E-BB87-E288C00EBBB6}"
EndProject
Global
	GlobalSection(SolutionConfigurationPlatforms) = preSolution
		Debug|Any CPU = Debug|Any CPU
		Release|Any CPU = Release|Any CPU
	EndGlobalSection
	GlobalSection(ProjectConfigurationPlatforms) = postSolution
		{A0BFEC69-C6FC-486E-BB87-E288C00EBBB6}.Debug|Any CPU.ActiveCfg = Debug|Any CPU
		{A0BFEC69-C6FC-486E-BB87-E288C00EBBB6}.Debug|Any CPU.Build.0 = Debug|Any CPU
		{A0BFEC69-C6FC-486E-BB87-E288C00EBBB6}.Release|Any CPU.ActiveCfg = Release|Any CPU
		{A0BFEC69-C6FC-486E-BB87-E288C00EBBB6}.Release|Any CPU.Build.0 = Release|Any CPU
	EndGlobalSection
	GlobalSection(SolutionProperties) = preSolution
		HideSolutionNode = FALSE
	EndGlobalSection
	GlobalSection(ExtensibilityGlobals) = postSolution
		SolutionGuid = {1A7738FB-7FD4-429A-903F-A472190571A2}
	EndGlobalSection
EndGlobal
